
Microsoft Visual Studio Solution File, Format Version 12.00
# Visual Studio Version 16
VisualStudioVersion = 16.0.30621.155
MinimumVisualStudioVersion = 10.0.40219.1
Project("{FAE04EC0-301F-11D3-BF4B-00C04F79EFBC}") = "StoreApplication.ConsoleApp", "StoreApplication.ConsoleApp\StoreApplication.ConsoleApp.csproj", "{20E932E1-E4F4-4555-BC5A-09E00D6DD36B}"
EndProject
Project("{FAE04EC0-301F-11D3-BF4B-00C04F79EFBC}") = "StoreApplication.Library", "StoreApplication.Library\StoreApplication.Library.csproj", "{52F6CFBF-BA51-4E45-B1B7-74D1547AEC0F}"
EndProject
Global
	GlobalSection(SolutionConfigurationPlatforms) = preSolution
		Debug|Any CPU = Debug|Any CPU
		Release|Any CPU = Release|Any CPU
	EndGlobalSection
	GlobalSection(ProjectConfigurationPlatforms) = postSolution
		{20E932E1-E4F4-4555-BC5A-09E00D6DD36B}.Debug|Any CPU.ActiveCfg = Debug|Any CPU
		{20E932E1-E4F4-4555-BC5A-09E00D6DD36B}.Debug|Any CPU.Build.0 = Debug|Any CPU
		{20E932E1-E4F4-4555-BC5A-09E00D6DD36B}.Release|Any CPU.ActiveCfg = Release|Any CPU
		{20E932E1-E4F4-4555-BC5A-09E00D6DD36B}.Release|Any CPU.Build.0 = Release|Any CPU
		{52F6CFBF-BA51-4E45-B1B7-74D1547AEC0F}.Debug|Any CPU.ActiveCfg = Debug|Any CPU
		{52F6CFBF-BA51-4E45-B1B7-74D1547AEC0F}.Debug|Any CPU.Build.0 = Debug|Any CPU
		{52F6CFBF-BA51-4E45-B1B7-74D1547AEC0F}.Release|Any CPU.ActiveCfg = Release|Any CPU
		{52F6CFBF-BA51-4E45-B1B7-74D1547AEC0F}.Release|Any CPU.Build.0 = Release|Any CPU
	EndGlobalSection
	GlobalSection(SolutionProperties) = preSolution
		HideSolutionNode = FALSE
	EndGlobalSection
	GlobalSection(ExtensibilityGlobals) = postSolution
		SolutionGuid = {8B202A2B-1E5C-4EF3-AFE4-2393E8140E0C}
	EndGlobalSection
EndGlobal
